
Microsoft Visual Studio Solution File, Format Version 12.00
# Visual Studio Version 16
VisualStudioVersion = 16.0.29509.3
MinimumVisualStudioVersion = 15.0.26124.0
Project("{2150E333-8FDC-42A3-9474-1A3956D46DE8}") = "src", "src", "{F0FB1E3F-1B95-4890-BD95-1BE06ADDE2A3}"
EndProject
Project("{2150E333-8FDC-42A3-9474-1A3956D46DE8}") = "1 - Presentation", "1 - Presentation", "{E71FF78A-3C9B-442A-A954-CCB645ED7007}"
EndProject
Project("{2150E333-8FDC-42A3-9474-1A3956D46DE8}") = "2 - Application", "2 - Application", "{0595ED99-0075-429B-8922-1B370C95F0FA}"
EndProject
Project("{2150E333-8FDC-42A3-9474-1A3956D46DE8}") = "3 - Domain", "3 - Domain", "{C0EB45F9-56A7-4EBB-8FC5-461A62928E8A}"
EndProject
Project("{2150E333-8FDC-42A3-9474-1A3956D46DE8}") = "4 - Infrastructure", "4 - Infrastructure", "{7675B9FB-350D-422D-9FB6-C97B49EAF296}"
EndProject
Project("{9A19103F-16F7-4668-BE54-9A1E7A4F7556}") = "Schedule.Meetings.API", "src\Schedule.Meetings.API\Schedule.Meetings.API.csproj", "{431A5712-B4E8-4E14-BA0E-AC2F7B12F05B}"
EndProject
Project("{9A19103F-16F7-4668-BE54-9A1E7A4F7556}") = "Schedule.Meetings.Application", "src\Schedule.Meetings.Application\Schedule.Meetings.Application.csproj", "{7444F185-A898-445E-8C3A-70AE3CD94EE9}"
EndProject
Project("{9A19103F-16F7-4668-BE54-9A1E7A4F7556}") = "Schedule.Meetings.Domain", "src\Schedule.Meetings.Domain\Schedule.Meetings.Domain.csproj", "{FE398A1E-5118-4290-876D-8D0FC58FFE93}"
EndProject
Project("{2150E333-8FDC-42A3-9474-1A3956D46DE8}") = "4.1 - Data", "4.1 - Data", "{4DFCEBA5-0762-4958-95C3-7EE745C0A554}"
EndProject
Project("{2150E333-8FDC-42A3-9474-1A3956D46DE8}") = "4.2 - CrossCutting", "4.2 - CrossCutting", "{70F13674-EE07-4CB3-8687-C52E78AFC58F}"
EndProject
Project("{9A19103F-16F7-4668-BE54-9A1E7A4F7556}") = "Schedule.Meetings.Infrastructure.Data", "src\Schedule.Meetings.Infrastructure.Data\Schedule.Meetings.Infrastructure.Data.csproj", "{D183DE88-F849-4827-9F75-AEFB38416787}"
EndProject
Project("{9A19103F-16F7-4668-BE54-9A1E7A4F7556}") = "Schedule.Meetings.Infrastructure.Ioc", "src\Schedule.Meetings.Infrastructure.Ioc\Schedule.Meetings.Infrastructure.Ioc.csproj", "{5477D8AE-9A34-4B4E-96A1-1535C214C899}"
EndProject
Project("{2150E333-8FDC-42A3-9474-1A3956D46DE8}") = "test", "test", "{250B13A2-D1EF-4C3E-9C69-9EE6E54CB617}"
EndProject
Project("{FAE04EC0-301F-11D3-BF4B-00C04F79EFBC}") = "Schedule.Meetings.Domain.Test", "src\Schedule.Meetings.Domain.Test\Schedule.Meetings.Domain.Test.csproj", "{166398B7-722B-4E0F-8B1E-EA69CBE02669}"
EndProject
Global
	GlobalSection(SolutionConfigurationPlatforms) = preSolution
		Debug|Any CPU = Debug|Any CPU
		Debug|x64 = Debug|x64
		Debug|x86 = Debug|x86
		Release|Any CPU = Release|Any CPU
		Release|x64 = Release|x64
		Release|x86 = Release|x86
	EndGlobalSection
	GlobalSection(ProjectConfigurationPlatforms) = postSolution
		{431A5712-B4E8-4E14-BA0E-AC2F7B12F05B}.Debug|Any CPU.ActiveCfg = Debug|Any CPU
		{431A5712-B4E8-4E14-BA0E-AC2F7B12F05B}.Debug|Any CPU.Build.0 = Debug|Any CPU
		{431A5712-B4E8-4E14-BA0E-AC2F7B12F05B}.Debug|x64.ActiveCfg = Debug|Any CPU
		{431A5712-B4E8-4E14-BA0E-AC2F7B12F05B}.Debug|x64.Build.0 = Debug|Any CPU
		{431A5712-B4E8-4E14-BA0E-AC2F7B12F05B}.Debug|x86.ActiveCfg = Debug|Any CPU
		{431A5712-B4E8-4E14-BA0E-AC2F7B12F05B}.Debug|x86.Build.0 = Debug|Any CPU
		{431A5712-B4E8-4E14-BA0E-AC2F7B12F05B}.Release|Any CPU.ActiveCfg = Release|Any CPU
		{431A5712-B4E8-4E14-BA0E-AC2F7B12F05B}.Release|Any CPU.Build.0 = Release|Any CPU
		{431A5712-B4E8-4E14-BA0E-AC2F7B12F05B}.Release|x64.ActiveCfg = Release|Any CPU
		{431A5712-B4E8-4E14-BA0E-AC2F7B12F05B}.Release|x64.Build.0 = Release|Any CPU
		{431A5712-B4E8-4E14-BA0E-AC2F7B12F05B}.Release|x86.ActiveCfg = Release|Any CPU
		{431A5712-B4E8-4E14-BA0E-AC2F7B12F05B}.Release|x86.Build.0 = Release|Any CPU
		{7444F185-A898-445E-8C3A-70AE3CD94EE9}.Debug|Any CPU.ActiveCfg = Debug|Any CPU
		{7444F185-A898-445E-8C3A-70AE3CD94EE9}.Debug|Any CPU.Build.0 = Debug|Any CPU
		{7444F185-A898-445E-8C3A-70AE3CD94EE9}.Debug|x64.ActiveCfg = Debug|Any CPU
		{7444F185-A898-445E-8C3A-70AE3CD94EE9}.Debug|x64.Build.0 = Debug|Any CPU
		{7444F185-A898-445E-8C3A-70AE3CD94EE9}.Debug|x86.ActiveCfg = Debug|Any CPU
		{7444F185-A898-445E-8C3A-70AE3CD94EE9}.Debug|x86.Build.0 = Debug|Any CPU
		{7444F185-A898-445E-8C3A-70AE3CD94EE9}.Release|Any CPU.ActiveCfg = Release|Any CPU
		{7444F185-A898-445E-8C3A-70AE3CD94EE9}.Release|Any CPU.Build.0 = Release|Any CPU
		{7444F185-A898-445E-8C3A-70AE3CD94EE9}.Release|x64.ActiveCfg = Release|Any CPU
		{7444F185-A898-445E-8C3A-70AE3CD94EE9}.Release|x64.Build.0 = Release|Any CPU
		{7444F185-A898-445E-8C3A-70AE3CD94EE9}.Release|x86.ActiveCfg = Release|Any CPU
		{7444F185-A898-445E-8C3A-70AE3CD94EE9}.Release|x86.Build.0 = Release|Any CPU
		{FE398A1E-5118-4290-876D-8D0FC58FFE93}.Debug|Any CPU.ActiveCfg = Debug|Any CPU
		{FE398A1E-5118-4290-876D-8D0FC58FFE93}.Debug|Any CPU.Build.0 = Debug|Any CPU
		{FE398A1E-5118-4290-876D-8D0FC58FFE93}.Debug|x64.ActiveCfg = Debug|Any CPU
		{FE398A1E-5118-4290-876D-8D0FC58FFE93}.Debug|x64.Build.0 = Debug|Any CPU
		{FE398A1E-5118-4290-876D-8D0FC58FFE93}.Debug|x86.ActiveCfg = Debug|Any CPU
		{FE398A1E-5118-4290-876D-8D0FC58FFE93}.Debug|x86.Build.0 = Debug|Any CPU
		{FE398A1E-5118-4290-876D-8D0FC58FFE93}.Release|Any CPU.ActiveCfg = Release|Any CPU
		{FE398A1E-5118-4290-876D-8D0FC58FFE93}.Release|Any CPU.Build.0 = Release|Any CPU
		{FE398A1E-5118-4290-876D-8D0FC58FFE93}.Release|x64.ActiveCfg = Release|Any CPU
		{FE398A1E-5118-4290-876D-8D0FC58FFE93}.Release|x64.Build.0 = Release|Any CPU
		{FE398A1E-5118-4290-876D-8D0FC58FFE93}.Release|x86.ActiveCfg = Release|Any CPU
		{FE398A1E-5118-4290-876D-8D0FC58FFE93}.Release|x86.Build.0 = Release|Any CPU
		{D183DE88-F849-4827-9F75-AEFB38416787}.Debug|Any CPU.ActiveCfg = Debug|Any CPU
		{D183DE88-F849-4827-9F75-AEFB38416787}.Debug|Any CPU.Build.0 = Debug|Any CPU
		{D183DE88-F849-4827-9F75-AEFB38416787}.Debug|x64.ActiveCfg = Debug|Any CPU
		{D183DE88-F849-4827-9F75-AEFB38416787}.Debug|x64.Build.0 = Debug|Any CPU
		{D183DE88-F849-4827-9F75-AEFB38416787}.Debug|x86.ActiveCfg = Debug|Any CPU
		{D183DE88-F849-4827-9F75-AEFB38416787}.Debug|x86.Build.0 = Debug|Any CPU
		{D183DE88-F849-4827-9F75-AEFB38416787}.Release|Any CPU.ActiveCfg = Release|Any CPU
		{D183DE88-F849-4827-9F75-AEFB38416787}.Release|Any CPU.Build.0 = Release|Any CPU
		{D183DE88-F849-4827-9F75-AEFB38416787}.Release|x64.ActiveCfg = Release|Any CPU
		{D183DE88-F849-4827-9F75-AEFB38416787}.Release|x64.Build.0 = Release|Any CPU
		{D183DE88-F849-4827-9F75-AEFB38416787}.Release|x86.ActiveCfg = Release|Any CPU
		{D183DE88-F849-4827-9F75-AEFB38416787}.Release|x86.Build.0 = Release|Any CPU
		{5477D8AE-9A34-4B4E-96A1-1535C214C899}.Debug|Any CPU.ActiveCfg = Debug|Any CPU
		{5477D8AE-9A34-4B4E-96A1-1535C214C899}.Debug|Any CPU.Build.0 = Debug|Any CPU
		{5477D8AE-9A34-4B4E-96A1-1535C214C899}.Debug|x64.ActiveCfg = Debug|Any CPU
		{5477D8AE-9A34-4B4E-96A1-1535C214C899}.Debug|x64.Build.0 = Debug|Any CPU
		{5477D8AE-9A34-4B4E-96A1-1535C214C899}.Debug|x86.ActiveCfg = Debug|Any CPU
		{5477D8AE-9A34-4B4E-96A1-1535C214C899}.Debug|x86.Build.0 = Debug|Any CPU
		{5477D8AE-9A34-4B4E-96A1-1535C214C899}.Release|Any CPU.ActiveCfg = Release|Any CPU
		{5477D8AE-9A34-4B4E-96A1-1535C214C899}.Release|Any CPU.Build.0 = Release|Any CPU
		{5477D8AE-9A34-4B4E-96A1-1535C214C899}.Release|x64.ActiveCfg = Release|Any CPU
		{5477D8AE-9A34-4B4E-96A1-1535C214C899}.Release|x64.Build.0 = Release|Any CPU
		{5477D8AE-9A34-4B4E-96A1-1535C214C899}.Release|x86.ActiveCfg = Release|Any CPU
		{5477D8AE-9A34-4B4E-96A1-1535C214C899}.Release|x86.Build.0 = Release|Any CPU
		{166398B7-722B-4E0F-8B1E-EA69CBE02669}.Debug|Any CPU.ActiveCfg = Debug|Any CPU
		{166398B7-722B-4E0F-8B1E-EA69CBE02669}.Debug|Any CPU.Build.0 = Debug|Any CPU
		{166398B7-722B-4E0F-8B1E-EA69CBE02669}.Debug|x64.ActiveCfg = Debug|Any CPU
		{166398B7-722B-4E0F-8B1E-EA69CBE02669}.Debug|x64.Build.0 = Debug|Any CPU
		{166398B7-722B-4E0F-8B1E-EA69CBE02669}.Debug|x86.ActiveCfg = Debug|Any CPU
		{166398B7-722B-4E0F-8B1E-EA69CBE02669}.Debug|x86.Build.0 = Debug|Any CPU
		{166398B7-722B-4E0F-8B1E-EA69CBE02669}.Release|Any CPU.ActiveCfg = Release|Any CPU
		{166398B7-722B-4E0F-8B1E-EA69CBE02669}.Release|Any CPU.Build.0 = Release|Any CPU
		{166398B7-722B-4E0F-8B1E-EA69CBE02669}.Release|x64.ActiveCfg = Release|Any CPU
		{166398B7-722B-4E0F-8B1E-EA69CBE02669}.Release|x64.Build.0 = Release|Any CPU
		{166398B7-722B-4E0F-8B1E-EA69CBE02669}.Release|x86.ActiveCfg = Release|Any CPU
		{166398B7-722B-4E0F-8B1E-EA69CBE02669}.Release|x86.Build.0 = Release|Any CPU
	EndGlobalSection
	GlobalSection(SolutionProperties) = preSolution
		HideSolutionNode = FALSE
	EndGlobalSection
	GlobalSection(NestedProjects) = preSolution
		{E71FF78A-3C9B-442A-A954-CCB645ED7007} = {F0FB1E3F-1B95-4890-BD95-1BE06ADDE2A3}
		{0595ED99-0075-429B-8922-1B370C95F0FA} = {F0FB1E3F-1B95-4890-BD95-1BE06ADDE2A3}
		{C0EB45F9-56A7-4EBB-8FC5-461A62928E8A} = {F0FB1E3F-1B95-4890-BD95-1BE06ADDE2A3}
		{7675B9FB-350D-422D-9FB6-C97B49EAF296} = {F0FB1E3F-1B95-4890-BD95-1BE06ADDE2A3}
		{431A5712-B4E8-4E14-BA0E-AC2F7B12F05B} = {E71FF78A-3C9B-442A-A954-CCB645ED7007}
		{7444F185-A898-445E-8C3A-70AE3CD94EE9} = {0595ED99-0075-429B-8922-1B370C95F0FA}
		{FE398A1E-5118-4290-876D-8D0FC58FFE93} = {C0EB45F9-56A7-4EBB-8FC5-461A62928E8A}
		{4DFCEBA5-0762-4958-95C3-7EE745C0A554} = {7675B9FB-350D-422D-9FB6-C97B49EAF296}
		{70F13674-EE07-4CB3-8687-C52E78AFC58F} = {7675B9FB-350D-422D-9FB6-C97B49EAF296}
		{D183DE88-F849-4827-9F75-AEFB38416787} = {4DFCEBA5-0762-4958-95C3-7EE745C0A554}
		{5477D8AE-9A34-4B4E-96A1-1535C214C899} = {70F13674-EE07-4CB3-8687-C52E78AFC58F}
		{166398B7-722B-4E0F-8B1E-EA69CBE02669} = {250B13A2-D1EF-4C3E-9C69-9EE6E54CB617}
	EndGlobalSection
	GlobalSection(ExtensibilityGlobals) = postSolution
		SolutionGuid = {FEA5408E-2C45-49E7-A4AC-89D355614525}
	EndGlobalSection
EndGlobal
